
Microsoft Visual Studio Solution File, Format Version 12.00
# Visual Studio Version 17
VisualStudioVersion = 17.0.32126.317
MinimumVisualStudioVersion = 10.0.40219.1
Project("{8BC9CEB8-8B4A-11D0-8D11-00A0C91BC942}") = "3A", "3A\3A.vcxproj", "{36487B1E-B75A-46E5-9B86-6FE96B7CBBA2}"
EndProject
Global
	GlobalSection(SolutionConfigurationPlatforms) = preSolution
		Debug|x64 = Debug|x64
		Debug|x86 = Debug|x86
		Release|x64 = Release|x64
		Release|x86 = Release|x86
	EndGlobalSection
	GlobalSection(ProjectConfigurationPlatforms) = postSolution
		{36487B1E-B75A-46E5-9B86-6FE96B7CBBA2}.Debug|x64.ActiveCfg = Debug|x64
		{36487B1E-B75A-46E5-9B86-6FE96B7CBBA2}.Debug|x64.Build.0 = Debug|x64
		{36487B1E-B75A-46E5-9B86-6FE96B7CBBA2}.Debug|x86.ActiveCfg = Debug|Win32
		{36487B1E-B75A-46E5-9B86-6FE96B7CBBA2}.Debug|x86.Build.0 = Debug|Win32
		{36487B1E-B75A-46E5-9B86-6FE96B7CBBA2}.Release|x64.ActiveCfg = Release|x64
		{36487B1E-B75A-46E5-9B86-6FE96B7CBBA2}.Release|x64.Build.0 = Release|x64
		{36487B1E-B75A-46E5-9B86-6FE96B7CBBA2}.Release|x86.ActiveCfg = Release|Win32
		{36487B1E-B75A-46E5-9B86-6FE96B7CBBA2}.Release|x86.Build.0 = Release|Win32
	EndGlobalSection
	GlobalSection(SolutionProperties) = preSolution
		HideSolutionNode = FALSE
	EndGlobalSection
	GlobalSection(ExtensibilityGlobals) = postSolution
		SolutionGuid = {3C6071C0-3996-4EE7-BD31-F5B8D1DEF559}
	EndGlobalSection
EndGlobal
